
Microsoft Visual Studio Solution File, Format Version 12.00
# Visual Studio Version 17
VisualStudioVersion = 17.10.35027.167
MinimumVisualStudioVersion = 10.0.40219.1
Project("{8BC9CEB8-8B4A-11D0-8D11-00A0C91BC942}") = "FinalFMP", "FinalFMP\FinalFMP.vcxproj", "{C91CD1AC-F673-4E22-8664-C6EB3428A2BE}"
EndProject
Global
	GlobalSection(SolutionConfigurationPlatforms) = preSolution
		Debug|x64 = Debug|x64
		Debug|x86 = Debug|x86
		Release|x64 = Release|x64
		Release|x86 = Release|x86
	EndGlobalSection
	GlobalSection(ProjectConfigurationPlatforms) = postSolution
		{C91CD1AC-F673-4E22-8664-C6EB3428A2BE}.Debug|x64.ActiveCfg = Debug|x64
		{C91CD1AC-F673-4E22-8664-C6EB3428A2BE}.Debug|x64.Build.0 = Debug|x64
		{C91CD1AC-F673-4E22-8664-C6EB3428A2BE}.Debug|x86.ActiveCfg = Debug|Win32
		{C91CD1AC-F673-4E22-8664-C6EB3428A2BE}.Debug|x86.Build.0 = Debug|Win32
		{C91CD1AC-F673-4E22-8664-C6EB3428A2BE}.Release|x64.ActiveCfg = Release|x64
		{C91CD1AC-F673-4E22-8664-C6EB3428A2BE}.Release|x64.Build.0 = Release|x64
		{C91CD1AC-F673-4E22-8664-C6EB3428A2BE}.Release|x86.ActiveCfg = Release|Win32
		{C91CD1AC-F673-4E22-8664-C6EB3428A2BE}.Release|x86.Build.0 = Release|Win32
	EndGlobalSection
	GlobalSection(SolutionProperties) = preSolution
		HideSolutionNode = FALSE
	EndGlobalSection
	GlobalSection(ExtensibilityGlobals) = postSolution
		SolutionGuid = {A036DB57-3D11-46E4-B989-0BC8F25823C6}
	EndGlobalSection
EndGlobal
